
Microsoft Visual Studio Solution File, Format Version 12.00
# Visual Studio Version 17
VisualStudioVersion = 17.11.35219.272
MinimumVisualStudioVersion = 10.0.40219.1
Project("{FAE04EC0-301F-11D3-BF4B-00C04F79EFBC}") = "SalesWebMvc", "SalesWebMvc\SalesWebMvc.csproj", "{BCDDAC4D-122A-4E9F-A1B9-B406D73F5B0A}"
EndProject
Global
	GlobalSection(SolutionConfigurationPlatforms) = preSolution
		Debug|Any CPU = Debug|Any CPU
		Release|Any CPU = Release|Any CPU
	EndGlobalSection
	GlobalSection(ProjectConfigurationPlatforms) = postSolution
		{BCDDAC4D-122A-4E9F-A1B9-B406D73F5B0A}.Debug|Any CPU.ActiveCfg = Debug|Any CPU
		{BCDDAC4D-122A-4E9F-A1B9-B406D73F5B0A}.Debug|Any CPU.Build.0 = Debug|Any CPU
		{BCDDAC4D-122A-4E9F-A1B9-B406D73F5B0A}.Release|Any CPU.ActiveCfg = Release|Any CPU
		{BCDDAC4D-122A-4E9F-A1B9-B406D73F5B0A}.Release|Any CPU.Build.0 = Release|Any CPU
	EndGlobalSection
	GlobalSection(SolutionProperties) = preSolution
		HideSolutionNode = FALSE
	EndGlobalSection
	GlobalSection(ExtensibilityGlobals) = postSolution
		SolutionGuid = {283E6D93-CCB1-4A71-AAEA-C71773321529}
	EndGlobalSection
EndGlobal
